// !$*UTF8*$!
{
	archiveVersion = 1;
	classes = {
	};
	objectVersion = 56;
	objects = {

/* Begin PBXBuildFile section */
		BF19C8EA2C6C7CC800A59041 /* AppDelegate.swift in Sources */ = {isa = PBXBuildFile; fileRef = BF19C8E92C6C7CC800A59041 /* AppDelegate.swift */; };
		BF19C8EC2C6C7CC800A59041 /* SceneDelegate.swift in Sources */ = {isa = PBXBuildFile; fileRef = BF19C8EB2C6C7CC800A59041 /* SceneDelegate.swift */; };
		BF19C8EE2C6C7CC800A59041 /* MainViewController.swift in Sources */ = {isa = PBXBuildFile; fileRef = BF19C8ED2C6C7CC800A59041 /* MainViewController.swift */; };
		BF19C8F32C6C7CCA00A59041 /* Assets.xcassets in Resources */ = {isa = PBXBuildFile; fileRef = BF19C8F22C6C7CCA00A59041 /* Assets.xcassets */; };
		BF19C8F62C6C7CCA00A59041 /* Base in Resources */ = {isa = PBXBuildFile; fileRef = BF19C8F52C6C7CCA00A59041 /* Base */; };
		BF19C91F2C6C806C00A59041 /* .gitignore in Resources */ = {isa = PBXBuildFile; fileRef = BF19C91E2C6C806C00A59041 /* .gitignore */; };
		BF19C9212C6C808400A59041 /* APIKey.swift in Sources */ = {isa = PBXBuildFile; fileRef = BF19C9202C6C808400A59041 /* APIKey.swift */; };
		BF61D05F2C79C3CF001448B0 /* DetailViewController.swift in Sources */ = {isa = PBXBuildFile; fileRef = BF61D05E2C79C3CF001448B0 /* DetailViewController.swift */; };
		BF61D0612C7AFA1C001448B0 /* DetailCollectionViewCell.swift in Sources */ = {isa = PBXBuildFile; fileRef = BF61D0602C7AFA1C001448B0 /* DetailCollectionViewCell.swift */; };
		BF61D0632C7B41CA001448B0 /* CommentTableViewCell.swift in Sources */ = {isa = PBXBuildFile; fileRef = BF61D0622C7B41CA001448B0 /* CommentTableViewCell.swift */; };
		BF61D0672C7B788A001448B0 /* CommunityViewController.swift in Sources */ = {isa = PBXBuildFile; fileRef = BF61D0662C7B788A001448B0 /* CommunityViewController.swift */; };
		BF61D0692C7B7893001448B0 /* MyViewController.swift in Sources */ = {isa = PBXBuildFile; fileRef = BF61D0682C7B7893001448B0 /* MyViewController.swift */; };
		BF61D06B2C7B78CF001448B0 /* TabBarController.swift in Sources */ = {isa = PBXBuildFile; fileRef = BF61D06A2C7B78CF001448B0 /* TabBarController.swift */; };
		BF61D06D2C7B7F69001448B0 /* WriteViewController.swift in Sources */ = {isa = PBXBuildFile; fileRef = BF61D06C2C7B7F69001448B0 /* WriteViewController.swift */; };
		BF61D0712C7B9D45001448B0 /* IQKeyboardManagerSwift in Frameworks */ = {isa = PBXBuildFile; productRef = BF61D0702C7B9D45001448B0 /* IQKeyboardManagerSwift */; };
		BF7222A72C6F2248004BF726 /* Queries.swift in Sources */ = {isa = PBXBuildFile; fileRef = BF7222A62C6F2248004BF726 /* Queries.swift */; };
		BF7222AA2C6F225B004BF726 /* Header.swift in Sources */ = {isa = PBXBuildFile; fileRef = BF7222A92C6F225B004BF726 /* Header.swift */; };
		BF7222AC2C6F2265004BF726 /* NetworkManager.swift in Sources */ = {isa = PBXBuildFile; fileRef = BF7222AB2C6F2265004BF726 /* NetworkManager.swift */; };
		BF7222AE2C6F226B004BF726 /* Router.swift in Sources */ = {isa = PBXBuildFile; fileRef = BF7222AD2C6F226B004BF726 /* Router.swift */; };
		BF7222B02C6F2274004BF726 /* UserDefaultsManager.swift in Sources */ = {isa = PBXBuildFile; fileRef = BF7222AF2C6F2274004BF726 /* UserDefaultsManager.swift */; };
		BF7222B22C6F227B004BF726 /* TargetType.swift in Sources */ = {isa = PBXBuildFile; fileRef = BF7222B12C6F227B004BF726 /* TargetType.swift */; };
		BF7222BE2C6F2365004BF726 /* LoginViewModel.swift in Sources */ = {isa = PBXBuildFile; fileRef = BF7222BD2C6F2365004BF726 /* LoginViewModel.swift */; };
		BF7222C02C6F2371004BF726 /* LoginViewController.swift in Sources */ = {isa = PBXBuildFile; fileRef = BF7222BF2C6F2371004BF726 /* LoginViewController.swift */; };
		BF7222C32C6F23D0004BF726 /* SignUpViewModel.swift in Sources */ = {isa = PBXBuildFile; fileRef = BF7222C22C6F23D0004BF726 /* SignUpViewModel.swift */; };
		BF7222C52C6F23D7004BF726 /* SignUpViewController.swift in Sources */ = {isa = PBXBuildFile; fileRef = BF7222C42C6F23D7004BF726 /* SignUpViewController.swift */; };
		BF7222C82C6F261E004BF726 /* Alamofire in Frameworks */ = {isa = PBXBuildFile; productRef = BF7222C72C6F261E004BF726 /* Alamofire */; };
		BF7222CB2C6F263E004BF726 /* SnapKit in Frameworks */ = {isa = PBXBuildFile; productRef = BF7222CA2C6F263E004BF726 /* SnapKit */; };
		BF7222CD2C6F8304004BF726 /* ResponseModels.swift in Sources */ = {isa = PBXBuildFile; fileRef = BF7222CC2C6F8304004BF726 /* ResponseModels.swift */; };
		BF7222D02C6F8D6D004BF726 /* ProfileView.swift in Sources */ = {isa = PBXBuildFile; fileRef = BF7222CF2C6F8D6D004BF726 /* ProfileView.swift */; };
		BF7222D22C6F8D78004BF726 /* ProfileViewController.swift in Sources */ = {isa = PBXBuildFile; fileRef = BF7222D12C6F8D78004BF726 /* ProfileViewController.swift */; };
		BF7222D52C6F8E50004BF726 /* UIViewController+Extension.swift in Sources */ = {isa = PBXBuildFile; fileRef = BF7222D42C6F8E50004BF726 /* UIViewController+Extension.swift */; };
		BF7222D82C708D0D004BF726 /* RxCocoa in Frameworks */ = {isa = PBXBuildFile; productRef = BF7222D72C708D0D004BF726 /* RxCocoa */; };
		BF7222DA2C708D0D004BF726 /* RxSwift in Frameworks */ = {isa = PBXBuildFile; productRef = BF7222D92C708D0D004BF726 /* RxSwift */; };
		BF7222DD2C708DC4004BF726 /* PointButton.swift in Sources */ = {isa = PBXBuildFile; fileRef = BF7222DC2C708DC4004BF726 /* PointButton.swift */; };
		BF7222DF2C708DEC004BF726 /* SignTextField.swift in Sources */ = {isa = PBXBuildFile; fileRef = BF7222DE2C708DEC004BF726 /* SignTextField.swift */; };
		BF7222E12C70B950004BF726 /* PasswordViewController.swift in Sources */ = {isa = PBXBuildFile; fileRef = BF7222E02C70B950004BF726 /* PasswordViewController.swift */; };
		BF7222E32C70C1B7004BF726 /* PasswordViewModel.swift in Sources */ = {isa = PBXBuildFile; fileRef = BF7222E22C70C1B7004BF726 /* PasswordViewModel.swift */; };
		BF7222E72C70C310004BF726 /* NickViewController.swift in Sources */ = {isa = PBXBuildFile; fileRef = BF7222E62C70C310004BF726 /* NickViewController.swift */; };
		BF7222E92C70C316004BF726 /* NickViewModel.swift in Sources */ = {isa = PBXBuildFile; fileRef = BF7222E82C70C316004BF726 /* NickViewModel.swift */; };
		BF7222EB2C70C3A4004BF726 /* PhoneNumViewController.swift in Sources */ = {isa = PBXBuildFile; fileRef = BF7222EA2C70C3A4004BF726 /* PhoneNumViewController.swift */; };
		BF7222ED2C70C3AB004BF726 /* PhoneNumViewModel.swift in Sources */ = {isa = PBXBuildFile; fileRef = BF7222EC2C70C3AB004BF726 /* PhoneNumViewModel.swift */; };
		BF7222EF2C70C4EE004BF726 /* BirthdayViewController.swift in Sources */ = {isa = PBXBuildFile; fileRef = BF7222EE2C70C4EE004BF726 /* BirthdayViewController.swift */; };
		BF7222F12C70C516004BF726 /* BirthdayViewModel.swift in Sources */ = {isa = PBXBuildFile; fileRef = BF7222F02C70C516004BF726 /* BirthdayViewModel.swift */; };
		BF7222FC2C732877004BF726 /* MainViewModel.swift in Sources */ = {isa = PBXBuildFile; fileRef = BF7222FB2C732877004BF726 /* MainViewModel.swift */; };
		BF7223012C733908004BF726 /* CategoryCollectionViewCell.swift in Sources */ = {isa = PBXBuildFile; fileRef = BF7223002C733908004BF726 /* CategoryCollectionViewCell.swift */; };
		BF7223032C736DD3004BF726 /* ListCollectionViewCell.swift in Sources */ = {isa = PBXBuildFile; fileRef = BF7223022C736DD3004BF726 /* ListCollectionViewCell.swift */; };
		BF7223062C748791004BF726 /* Kingfisher in Frameworks */ = {isa = PBXBuildFile; productRef = BF7223052C748791004BF726 /* Kingfisher */; };
		BF76A14A2C8172D800FC6974 /* MySellViewModel.swift in Sources */ = {isa = PBXBuildFile; fileRef = BF76A1492C8172D800FC6974 /* MySellViewModel.swift */; };
		BF76A1572C84980900FC6974 /* iamport-ios in Frameworks */ = {isa = PBXBuildFile; productRef = BF76A1562C84980900FC6974 /* iamport-ios */; };
		BF9241212CCBB90300D3A699 /* Constant.swift in Sources */ = {isa = PBXBuildFile; fileRef = BF9241202CCBB90300D3A699 /* Constant.swift */; };
		BFCC3DF42C808BCC0060C729 /* CommunityTableViewCell.swift in Sources */ = {isa = PBXBuildFile; fileRef = BFCC3DF32C808BCC0060C729 /* CommunityTableViewCell.swift */; };
		BFCC3DF62C808D290060C729 /* MyTableViewCell.swift in Sources */ = {isa = PBXBuildFile; fileRef = BFCC3DF52C808D290060C729 /* MyTableViewCell.swift */; };
		BFCC3DF82C80C8D60060C729 /* MySellViewController.swift in Sources */ = {isa = PBXBuildFile; fileRef = BFCC3DF72C80C8D60060C729 /* MySellViewController.swift */; };
/* End PBXBuildFile section */

/* Begin PBXContainerItemProxy section */
		BF19C8FD2C6C7CCA00A59041 /* PBXContainerItemProxy */ = {
			isa = PBXContainerItemProxy;
			containerPortal = BF19C8DE2C6C7CC800A59041 /* Project object */;
			proxyType = 1;
			remoteGlobalIDString = BF19C8E52C6C7CC800A59041;
			remoteInfo = Dbokey;
		};
		BF19C9072C6C7CCA00A59041 /* PBXContainerItemProxy */ = {
			isa = PBXContainerItemProxy;
			containerPortal = BF19C8DE2C6C7CC800A59041 /* Project object */;
			proxyType = 1;
			remoteGlobalIDString = BF19C8E52C6C7CC800A59041;
			remoteInfo = Dbokey;
		};
/* End PBXContainerItemProxy section */

/* Begin PBXFileReference section */
		BF19C8E62C6C7CC800A59041 /* Dbokey.app */ = {isa = PBXFileReference; explicitFileType = wrapper.application; includeInIndex = 0; path = Dbokey.app; sourceTree = BUILT_PRODUCTS_DIR; };
		BF19C8E92C6C7CC800A59041 /* AppDelegate.swift */ = {isa = PBXFileReference; lastKnownFileType = sourcecode.swift; path = AppDelegate.swift; sourceTree = "<group>"; };
		BF19C8EB2C6C7CC800A59041 /* SceneDelegate.swift */ = {isa = PBXFileReference; lastKnownFileType = sourcecode.swift; path = SceneDelegate.swift; sourceTree = "<group>"; };
		BF19C8ED2C6C7CC800A59041 /* MainViewController.swift */ = {isa = PBXFileReference; lastKnownFileType = sourcecode.swift; path = MainViewController.swift; sourceTree = "<group>"; };
		BF19C8F22C6C7CCA00A59041 /* Assets.xcassets */ = {isa = PBXFileReference; lastKnownFileType = folder.assetcatalog; path = Assets.xcassets; sourceTree = "<group>"; };
		BF19C8F52C6C7CCA00A59041 /* Base */ = {isa = PBXFileReference; lastKnownFileType = file.storyboard; name = Base; path = Base.lproj/LaunchScreen.storyboard; sourceTree = "<group>"; };
		BF19C8F72C6C7CCA00A59041 /* Info.plist */ = {isa = PBXFileReference; lastKnownFileType = text.plist.xml; path = Info.plist; sourceTree = "<group>"; };
		BF19C8FC2C6C7CCA00A59041 /* DbokeyTests.xctest */ = {isa = PBXFileReference; explicitFileType = wrapper.cfbundle; includeInIndex = 0; path = DbokeyTests.xctest; sourceTree = BUILT_PRODUCTS_DIR; };
		BF19C9062C6C7CCA00A59041 /* DbokeyUITests.xctest */ = {isa = PBXFileReference; explicitFileType = wrapper.cfbundle; includeInIndex = 0; path = DbokeyUITests.xctest; sourceTree = BUILT_PRODUCTS_DIR; };
		BF19C91E2C6C806C00A59041 /* .gitignore */ = {isa = PBXFileReference; lastKnownFileType = text; path = .gitignore; sourceTree = "<group>"; };
		BF19C9202C6C808400A59041 /* APIKey.swift */ = {isa = PBXFileReference; lastKnownFileType = sourcecode.swift; path = APIKey.swift; sourceTree = "<group>"; };
		BF61D05E2C79C3CF001448B0 /* DetailViewController.swift */ = {isa = PBXFileReference; lastKnownFileType = sourcecode.swift; path = DetailViewController.swift; sourceTree = "<group>"; };
		BF61D0602C7AFA1C001448B0 /* DetailCollectionViewCell.swift */ = {isa = PBXFileReference; lastKnownFileType = sourcecode.swift; path = DetailCollectionViewCell.swift; sourceTree = "<group>"; };
		BF61D0622C7B41CA001448B0 /* CommentTableViewCell.swift */ = {isa = PBXFileReference; lastKnownFileType = sourcecode.swift; path = CommentTableViewCell.swift; sourceTree = "<group>"; };
		BF61D0662C7B788A001448B0 /* CommunityViewController.swift */ = {isa = PBXFileReference; lastKnownFileType = sourcecode.swift; path = CommunityViewController.swift; sourceTree = "<group>"; };
		BF61D0682C7B7893001448B0 /* MyViewController.swift */ = {isa = PBXFileReference; lastKnownFileType = sourcecode.swift; path = MyViewController.swift; sourceTree = "<group>"; };
		BF61D06A2C7B78CF001448B0 /* TabBarController.swift */ = {isa = PBXFileReference; lastKnownFileType = sourcecode.swift; path = TabBarController.swift; sourceTree = "<group>"; };
		BF61D06C2C7B7F69001448B0 /* WriteViewController.swift */ = {isa = PBXFileReference; lastKnownFileType = sourcecode.swift; path = WriteViewController.swift; sourceTree = "<group>"; };
		BF7222A62C6F2248004BF726 /* Queries.swift */ = {isa = PBXFileReference; lastKnownFileType = sourcecode.swift; path = Queries.swift; sourceTree = "<group>"; };
		BF7222A92C6F225B004BF726 /* Header.swift */ = {isa = PBXFileReference; lastKnownFileType = sourcecode.swift; path = Header.swift; sourceTree = "<group>"; };
		BF7222AB2C6F2265004BF726 /* NetworkManager.swift */ = {isa = PBXFileReference; lastKnownFileType = sourcecode.swift; path = NetworkManager.swift; sourceTree = "<group>"; };
		BF7222AD2C6F226B004BF726 /* Router.swift */ = {isa = PBXFileReference; lastKnownFileType = sourcecode.swift; path = Router.swift; sourceTree = "<group>"; };
		BF7222AF2C6F2274004BF726 /* UserDefaultsManager.swift */ = {isa = PBXFileReference; lastKnownFileType = sourcecode.swift; path = UserDefaultsManager.swift; sourceTree = "<group>"; };
		BF7222B12C6F227B004BF726 /* TargetType.swift */ = {isa = PBXFileReference; lastKnownFileType = sourcecode.swift; path = TargetType.swift; sourceTree = "<group>"; };
		BF7222BD2C6F2365004BF726 /* LoginViewModel.swift */ = {isa = PBXFileReference; lastKnownFileType = sourcecode.swift; path = LoginViewModel.swift; sourceTree = "<group>"; };
		BF7222BF2C6F2371004BF726 /* LoginViewController.swift */ = {isa = PBXFileReference; lastKnownFileType = sourcecode.swift; path = LoginViewController.swift; sourceTree = "<group>"; };
		BF7222C22C6F23D0004BF726 /* SignUpViewModel.swift */ = {isa = PBXFileReference; lastKnownFileType = sourcecode.swift; path = SignUpViewModel.swift; sourceTree = "<group>"; };
		BF7222C42C6F23D7004BF726 /* SignUpViewController.swift */ = {isa = PBXFileReference; lastKnownFileType = sourcecode.swift; path = SignUpViewController.swift; sourceTree = "<group>"; };
		BF7222CC2C6F8304004BF726 /* ResponseModels.swift */ = {isa = PBXFileReference; lastKnownFileType = sourcecode.swift; path = ResponseModels.swift; sourceTree = "<group>"; };
		BF7222CF2C6F8D6D004BF726 /* ProfileView.swift */ = {isa = PBXFileReference; lastKnownFileType = sourcecode.swift; path = ProfileView.swift; sourceTree = "<group>"; };
		BF7222D12C6F8D78004BF726 /* ProfileViewController.swift */ = {isa = PBXFileReference; lastKnownFileType = sourcecode.swift; path = ProfileViewController.swift; sourceTree = "<group>"; };
		BF7222D42C6F8E50004BF726 /* UIViewController+Extension.swift */ = {isa = PBXFileReference; lastKnownFileType = sourcecode.swift; path = "UIViewController+Extension.swift"; sourceTree = "<group>"; };
		BF7222DC2C708DC4004BF726 /* PointButton.swift */ = {isa = PBXFileReference; lastKnownFileType = sourcecode.swift; path = PointButton.swift; sourceTree = "<group>"; };
		BF7222DE2C708DEC004BF726 /* SignTextField.swift */ = {isa = PBXFileReference; lastKnownFileType = sourcecode.swift; path = SignTextField.swift; sourceTree = "<group>"; };
		BF7222E02C70B950004BF726 /* PasswordViewController.swift */ = {isa = PBXFileReference; lastKnownFileType = sourcecode.swift; path = PasswordViewController.swift; sourceTree = "<group>"; };
		BF7222E22C70C1B7004BF726 /* PasswordViewModel.swift */ = {isa = PBXFileReference; lastKnownFileType = sourcecode.swift; path = PasswordViewModel.swift; sourceTree = "<group>"; };
		BF7222E62C70C310004BF726 /* NickViewController.swift */ = {isa = PBXFileReference; lastKnownFileType = sourcecode.swift; path = NickViewController.swift; sourceTree = "<group>"; };
		BF7222E82C70C316004BF726 /* NickViewModel.swift */ = {isa = PBXFileReference; lastKnownFileType = sourcecode.swift; path = NickViewModel.swift; sourceTree = "<group>"; };
		BF7222EA2C70C3A4004BF726 /* PhoneNumViewController.swift */ = {isa = PBXFileReference; lastKnownFileType = sourcecode.swift; path = PhoneNumViewController.swift; sourceTree = "<group>"; };
		BF7222EC2C70C3AB004BF726 /* PhoneNumViewModel.swift */ = {isa = PBXFileReference; lastKnownFileType = sourcecode.swift; path = PhoneNumViewModel.swift; sourceTree = "<group>"; };
		BF7222EE2C70C4EE004BF726 /* BirthdayViewController.swift */ = {isa = PBXFileReference; lastKnownFileType = sourcecode.swift; path = BirthdayViewController.swift; sourceTree = "<group>"; };
		BF7222F02C70C516004BF726 /* BirthdayViewModel.swift */ = {isa = PBXFileReference; lastKnownFileType = sourcecode.swift; path = BirthdayViewModel.swift; sourceTree = "<group>"; };
		BF7222FB2C732877004BF726 /* MainViewModel.swift */ = {isa = PBXFileReference; lastKnownFileType = sourcecode.swift; path = MainViewModel.swift; sourceTree = "<group>"; };
		BF7223002C733908004BF726 /* CategoryCollectionViewCell.swift */ = {isa = PBXFileReference; lastKnownFileType = sourcecode.swift; path = CategoryCollectionViewCell.swift; sourceTree = "<group>"; };
		BF7223022C736DD3004BF726 /* ListCollectionViewCell.swift */ = {isa = PBXFileReference; lastKnownFileType = sourcecode.swift; path = ListCollectionViewCell.swift; sourceTree = "<group>"; };
		BF76A1492C8172D800FC6974 /* MySellViewModel.swift */ = {isa = PBXFileReference; lastKnownFileType = sourcecode.swift; path = MySellViewModel.swift; sourceTree = "<group>"; };
		BF9241202CCBB90300D3A699 /* Constant.swift */ = {isa = PBXFileReference; lastKnownFileType = sourcecode.swift; path = Constant.swift; sourceTree = "<group>"; };
		BFCC3DF32C808BCC0060C729 /* CommunityTableViewCell.swift */ = {isa = PBXFileReference; lastKnownFileType = sourcecode.swift; path = CommunityTableViewCell.swift; sourceTree = "<group>"; };
		BFCC3DF52C808D290060C729 /* MyTableViewCell.swift */ = {isa = PBXFileReference; lastKnownFileType = sourcecode.swift; path = MyTableViewCell.swift; sourceTree = "<group>"; };
		BFCC3DF72C80C8D60060C729 /* MySellViewController.swift */ = {isa = PBXFileReference; lastKnownFileType = sourcecode.swift; path = MySellViewController.swift; sourceTree = "<group>"; };
/* End PBXFileReference section */

/* Begin PBXFrameworksBuildPhase section */
		BF19C8E32C6C7CC800A59041 /* Frameworks */ = {
			isa = PBXFrameworksBuildPhase;
			buildActionMask = 2147483647;
			files = (
				BF61D0712C7B9D45001448B0 /* IQKeyboardManagerSwift in Frameworks */,
				BF7223062C748791004BF726 /* Kingfisher in Frameworks */,
				BF7222D82C708D0D004BF726 /* RxCocoa in Frameworks */,
				BF7222C82C6F261E004BF726 /* Alamofire in Frameworks */,
				BF7222DA2C708D0D004BF726 /* RxSwift in Frameworks */,
				BF76A1572C84980900FC6974 /* iamport-ios in Frameworks */,
				BF7222CB2C6F263E004BF726 /* SnapKit in Frameworks */,
			);
			runOnlyForDeploymentPostprocessing = 0;
		};
		BF19C8F92C6C7CCA00A59041 /* Frameworks */ = {
			isa = PBXFrameworksBuildPhase;
			buildActionMask = 2147483647;
			files = (
			);
			runOnlyForDeploymentPostprocessing = 0;
		};
		BF19C9032C6C7CCA00A59041 /* Frameworks */ = {
			isa = PBXFrameworksBuildPhase;
			buildActionMask = 2147483647;
			files = (
			);
			runOnlyForDeploymentPostprocessing = 0;
		};
/* End PBXFrameworksBuildPhase section */

/* Begin PBXGroup section */
		BF19C8DD2C6C7CC800A59041 = {
			isa = PBXGroup;
			children = (
				BF19C91E2C6C806C00A59041 /* .gitignore */,
				BF19C8E82C6C7CC800A59041 /* Dbokey */,
				BF19C8E72C6C7CC800A59041 /* Products */,
			);
			sourceTree = "<group>";
		};
		BF19C8E72C6C7CC800A59041 /* Products */ = {
			isa = PBXGroup;
			children = (
				BF19C8E62C6C7CC800A59041 /* Dbokey.app */,
				BF19C8FC2C6C7CCA00A59041 /* DbokeyTests.xctest */,
				BF19C9062C6C7CCA00A59041 /* DbokeyUITests.xctest */,
			);
			name = Products;
			sourceTree = "<group>";
		};
		BF19C8E82C6C7CC800A59041 /* Dbokey */ = {
			isa = PBXGroup;
			children = (
				BF61D0652C7B7874001448B0 /* My */,
				BF61D0642C7B7863001448B0 /* Community */,
				BF7222FA2C732868004BF726 /* Main */,
				BF7222DB2C708DA2004BF726 /* CustomView */,
				BF7222D32C6F8E42004BF726 /* Extension */,
				BF7222CE2C6F8D61004BF726 /* Profile */,
				BF7222C12C6F23BE004BF726 /* SignUp */,
				BF7222BC2C6F2324004BF726 /* Login */,
				BF7222B32C6F22E9004BF726 /* ResponseModel */,
				BF7222A82C6F2250004BF726 /* Network */,
				BF7222A52C6F2239004BF726 /* RequestModel */,
				BF19C8E92C6C7CC800A59041 /* AppDelegate.swift */,
				BF19C8EB2C6C7CC800A59041 /* SceneDelegate.swift */,
				BF19C8F22C6C7CCA00A59041 /* Assets.xcassets */,
				BF19C8F42C6C7CCA00A59041 /* LaunchScreen.storyboard */,
				BF19C8F72C6C7CCA00A59041 /* Info.plist */,
				BF19C9202C6C808400A59041 /* APIKey.swift */,
				BF61D06A2C7B78CF001448B0 /* TabBarController.swift */,
				BF9241202CCBB90300D3A699 /* Constant.swift */,
			);
			path = Dbokey;
			sourceTree = "<group>";
		};
		BF61D0642C7B7863001448B0 /* Community */ = {
			isa = PBXGroup;
			children = (
				BF61D0662C7B788A001448B0 /* CommunityViewController.swift */,
				BFCC3DF32C808BCC0060C729 /* CommunityTableViewCell.swift */,
			);
			path = Community;
			sourceTree = "<group>";
		};
		BF61D0652C7B7874001448B0 /* My */ = {
			isa = PBXGroup;
			children = (
				BF61D0682C7B7893001448B0 /* MyViewController.swift */,
				BFCC3DF52C808D290060C729 /* MyTableViewCell.swift */,
				BFCC3DF72C80C8D60060C729 /* MySellViewController.swift */,
				BF76A1492C8172D800FC6974 /* MySellViewModel.swift */,
			);
			path = My;
			sourceTree = "<group>";
		};
		BF7222A52C6F2239004BF726 /* RequestModel */ = {
			isa = PBXGroup;
			children = (
				BF7222A62C6F2248004BF726 /* Queries.swift */,
			);
			path = RequestModel;
			sourceTree = "<group>";
		};
		BF7222A82C6F2250004BF726 /* Network */ = {
			isa = PBXGroup;
			children = (
				BF7222AD2C6F226B004BF726 /* Router.swift */,
				BF7222A92C6F225B004BF726 /* Header.swift */,
				BF7222B12C6F227B004BF726 /* TargetType.swift */,
				BF7222AF2C6F2274004BF726 /* UserDefaultsManager.swift */,
				BF7222AB2C6F2265004BF726 /* NetworkManager.swift */,
			);
			path = Network;
			sourceTree = "<group>";
		};
		BF7222B32C6F22E9004BF726 /* ResponseModel */ = {
			isa = PBXGroup;
			children = (
				BF7222CC2C6F8304004BF726 /* ResponseModels.swift */,
			);
			path = ResponseModel;
			sourceTree = "<group>";
		};
		BF7222BC2C6F2324004BF726 /* Login */ = {
			isa = PBXGroup;
			children = (
				BF7222BD2C6F2365004BF726 /* LoginViewModel.swift */,
				BF7222BF2C6F2371004BF726 /* LoginViewController.swift */,
			);
			path = Login;
			sourceTree = "<group>";
		};
		BF7222C12C6F23BE004BF726 /* SignUp */ = {
			isa = PBXGroup;
			children = (
				BF7222C22C6F23D0004BF726 /* SignUpViewModel.swift */,
				BF7222C42C6F23D7004BF726 /* SignUpViewController.swift */,
				BF7222E02C70B950004BF726 /* PasswordViewController.swift */,
				BF7222E22C70C1B7004BF726 /* PasswordViewModel.swift */,
				BF7222E62C70C310004BF726 /* NickViewController.swift */,
				BF7222E82C70C316004BF726 /* NickViewModel.swift */,
				BF7222EA2C70C3A4004BF726 /* PhoneNumViewController.swift */,
				BF7222EC2C70C3AB004BF726 /* PhoneNumViewModel.swift */,
				BF7222EE2C70C4EE004BF726 /* BirthdayViewController.swift */,
				BF7222F02C70C516004BF726 /* BirthdayViewModel.swift */,
			);
			path = SignUp;
			sourceTree = "<group>";
		};
		BF7222CE2C6F8D61004BF726 /* Profile */ = {
			isa = PBXGroup;
			children = (
				BF7222CF2C6F8D6D004BF726 /* ProfileView.swift */,
				BF7222D12C6F8D78004BF726 /* ProfileViewController.swift */,
			);
			path = Profile;
			sourceTree = "<group>";
		};
		BF7222D32C6F8E42004BF726 /* Extension */ = {
			isa = PBXGroup;
			children = (
				BF7222D42C6F8E50004BF726 /* UIViewController+Extension.swift */,
			);
			path = Extension;
			sourceTree = "<group>";
		};
		BF7222DB2C708DA2004BF726 /* CustomView */ = {
			isa = PBXGroup;
			children = (
				BF7222DC2C708DC4004BF726 /* PointButton.swift */,
				BF7222DE2C708DEC004BF726 /* SignTextField.swift */,
			);
			path = CustomView;
			sourceTree = "<group>";
		};
		BF7222FA2C732868004BF726 /* Main */ = {
			isa = PBXGroup;
			children = (
				BF19C8ED2C6C7CC800A59041 /* MainViewController.swift */,
				BF7222FB2C732877004BF726 /* MainViewModel.swift */,
				BF7223002C733908004BF726 /* CategoryCollectionViewCell.swift */,
				BF7223022C736DD3004BF726 /* ListCollectionViewCell.swift */,
				BF61D05E2C79C3CF001448B0 /* DetailViewController.swift */,
				BF61D0602C7AFA1C001448B0 /* DetailCollectionViewCell.swift */,
				BF61D0622C7B41CA001448B0 /* CommentTableViewCell.swift */,
				BF61D06C2C7B7F69001448B0 /* WriteViewController.swift */,
			);
			path = Main;
			sourceTree = "<group>";
		};
/* End PBXGroup section */

/* Begin PBXNativeTarget section */
		BF19C8E52C6C7CC800A59041 /* Dbokey */ = {
			isa = PBXNativeTarget;
			buildConfigurationList = BF19C9102C6C7CCA00A59041 /* Build configuration list for PBXNativeTarget "Dbokey" */;
			buildPhases = (
				BF19C8E22C6C7CC800A59041 /* Sources */,
				BF19C8E32C6C7CC800A59041 /* Frameworks */,
				BF19C8E42C6C7CC800A59041 /* Resources */,
			);
			buildRules = (
			);
			dependencies = (
			);
			name = Dbokey;
			packageProductDependencies = (
				BF7222C72C6F261E004BF726 /* Alamofire */,
				BF7222CA2C6F263E004BF726 /* SnapKit */,
				BF7222D72C708D0D004BF726 /* RxCocoa */,
				BF7222D92C708D0D004BF726 /* RxSwift */,
				BF7223052C748791004BF726 /* Kingfisher */,
				BF61D0702C7B9D45001448B0 /* IQKeyboardManagerSwift */,
				BF76A1562C84980900FC6974 /* iamport-ios */,
			);
			productName = Dbokey;
			productReference = BF19C8E62C6C7CC800A59041 /* Dbokey.app */;
			productType = "com.apple.product-type.application";
		};
		BF19C8FB2C6C7CCA00A59041 /* DbokeyTests */ = {
			isa = PBXNativeTarget;
			buildConfigurationList = BF19C9132C6C7CCA00A59041 /* Build configuration list for PBXNativeTarget "DbokeyTests" */;
			buildPhases = (
				BF19C8F82C6C7CCA00A59041 /* Sources */,
				BF19C8F92C6C7CCA00A59041 /* Frameworks */,
				BF19C8FA2C6C7CCA00A59041 /* Resources */,
			);
			buildRules = (
			);
			dependencies = (
				BF19C8FE2C6C7CCA00A59041 /* PBXTargetDependency */,
			);
			name = DbokeyTests;
			productName = DbokeyTests;
			productReference = BF19C8FC2C6C7CCA00A59041 /* DbokeyTests.xctest */;
			productType = "com.apple.product-type.bundle.unit-test";
		};
		BF19C9052C6C7CCA00A59041 /* DbokeyUITests */ = {
			isa = PBXNativeTarget;
			buildConfigurationList = BF19C9162C6C7CCA00A59041 /* Build configuration list for PBXNativeTarget "DbokeyUITests" */;
			buildPhases = (
				BF19C9022C6C7CCA00A59041 /* Sources */,
				BF19C9032C6C7CCA00A59041 /* Frameworks */,
				BF19C9042C6C7CCA00A59041 /* Resources */,
			);
			buildRules = (
			);
			dependencies = (
				BF19C9082C6C7CCA00A59041 /* PBXTargetDependency */,
			);
			name = DbokeyUITests;
			productName = DbokeyUITests;
			productReference = BF19C9062C6C7CCA00A59041 /* DbokeyUITests.xctest */;
			productType = "com.apple.product-type.bundle.ui-testing";
		};
/* End PBXNativeTarget section */

/* Begin PBXProject section */
		BF19C8DE2C6C7CC800A59041 /* Project object */ = {
			isa = PBXProject;
			attributes = {
				BuildIndependentTargetsInParallel = 1;
				LastSwiftUpdateCheck = 1530;
				LastUpgradeCheck = 1530;
				TargetAttributes = {
					BF19C8E52C6C7CC800A59041 = {
						CreatedOnToolsVersion = 15.3;
					};
					BF19C8FB2C6C7CCA00A59041 = {
						CreatedOnToolsVersion = 15.3;
						TestTargetID = BF19C8E52C6C7CC800A59041;
					};
					BF19C9052C6C7CCA00A59041 = {
						CreatedOnToolsVersion = 15.3;
						TestTargetID = BF19C8E52C6C7CC800A59041;
					};
				};
			};
			buildConfigurationList = BF19C8E12C6C7CC800A59041 /* Build configuration list for PBXProject "Dbokey" */;
			compatibilityVersion = "Xcode 14.0";
			developmentRegion = en;
			hasScannedForEncodings = 0;
			knownRegions = (
				en,
				Base,
			);
			mainGroup = BF19C8DD2C6C7CC800A59041;
			packageReferences = (
				BF7222C62C6F261E004BF726 /* XCRemoteSwiftPackageReference "Alamofire" */,
				BF7222C92C6F263E004BF726 /* XCRemoteSwiftPackageReference "SnapKit" */,
				BF7222D62C708D0D004BF726 /* XCRemoteSwiftPackageReference "RxSwift" */,
				BF7223042C748790004BF726 /* XCRemoteSwiftPackageReference "Kingfisher" */,
				BF61D06F2C7B9D45001448B0 /* XCRemoteSwiftPackageReference "IQKeyboardManager" */,
				BF76A1552C84980900FC6974 /* XCRemoteSwiftPackageReference "iamport-ios" */,
			);
			productRefGroup = BF19C8E72C6C7CC800A59041 /* Products */;
			projectDirPath = "";
			projectRoot = "";
			targets = (
				BF19C8E52C6C7CC800A59041 /* Dbokey */,
				BF19C8FB2C6C7CCA00A59041 /* DbokeyTests */,
				BF19C9052C6C7CCA00A59041 /* DbokeyUITests */,
			);
		};
/* End PBXProject section */

/* Begin PBXResourcesBuildPhase section */
		BF19C8E42C6C7CC800A59041 /* Resources */ = {
			isa = PBXResourcesBuildPhase;
			buildActionMask = 2147483647;
			files = (
				BF19C8F32C6C7CCA00A59041 /* Assets.xcassets in Resources */,
				BF19C91F2C6C806C00A59041 /* .gitignore in Resources */,
				BF19C8F62C6C7CCA00A59041 /* Base in Resources */,
			);
			runOnlyForDeploymentPostprocessing = 0;
		};
		BF19C8FA2C6C7CCA00A59041 /* Resources */ = {
			isa = PBXResourcesBuildPhase;
			buildActionMask = 2147483647;
			files = (
			);
			runOnlyForDeploymentPostprocessing = 0;
		};
		BF19C9042C6C7CCA00A59041 /* Resources */ = {
			isa = PBXResourcesBuildPhase;
			buildActionMask = 2147483647;
			files = (
			);
			runOnlyForDeploymentPostprocessing = 0;
		};
/* End PBXResourcesBuildPhase section */

/* Begin PBXSourcesBuildPhase section */
		BF19C8E22C6C7CC800A59041 /* Sources */ = {
			isa = PBXSourcesBuildPhase;
			buildActionMask = 2147483647;
			files = (
				BF7222EB2C70C3A4004BF726 /* PhoneNumViewController.swift in Sources */,
				BF7222B22C6F227B004BF726 /* TargetType.swift in Sources */,
				BF7222DD2C708DC4004BF726 /* PointButton.swift in Sources */,
				BF7222AE2C6F226B004BF726 /* Router.swift in Sources */,
				BF7222E32C70C1B7004BF726 /* PasswordViewModel.swift in Sources */,
				BF61D06B2C7B78CF001448B0 /* TabBarController.swift in Sources */,
				BF7222ED2C70C3AB004BF726 /* PhoneNumViewModel.swift in Sources */,
				BF7222F12C70C516004BF726 /* BirthdayViewModel.swift in Sources */,
				BF61D05F2C79C3CF001448B0 /* DetailViewController.swift in Sources */,
				BF7222A72C6F2248004BF726 /* Queries.swift in Sources */,
				BF7223032C736DD3004BF726 /* ListCollectionViewCell.swift in Sources */,
				BF7222FC2C732877004BF726 /* MainViewModel.swift in Sources */,
				BF61D0612C7AFA1C001448B0 /* DetailCollectionViewCell.swift in Sources */,
				BF7222BE2C6F2365004BF726 /* LoginViewModel.swift in Sources */,
				BF61D0672C7B788A001448B0 /* CommunityViewController.swift in Sources */,
				BFCC3DF42C808BCC0060C729 /* CommunityTableViewCell.swift in Sources */,
				BF7222C52C6F23D7004BF726 /* SignUpViewController.swift in Sources */,
				BF19C8EE2C6C7CC800A59041 /* MainViewController.swift in Sources */,
				BF7222EF2C70C4EE004BF726 /* BirthdayViewController.swift in Sources */,
				BF19C8EA2C6C7CC800A59041 /* AppDelegate.swift in Sources */,
				BF7222CD2C6F8304004BF726 /* ResponseModels.swift in Sources */,
				BF7222AC2C6F2265004BF726 /* NetworkManager.swift in Sources */,
				BF7223012C733908004BF726 /* CategoryCollectionViewCell.swift in Sources */,
				BF7222B02C6F2274004BF726 /* UserDefaultsManager.swift in Sources */,
				BF61D0692C7B7893001448B0 /* MyViewController.swift in Sources */,
				BF7222D52C6F8E50004BF726 /* UIViewController+Extension.swift in Sources */,
				BF7222D02C6F8D6D004BF726 /* ProfileView.swift in Sources */,
				BF61D0632C7B41CA001448B0 /* CommentTableViewCell.swift in Sources */,
				BF7222E12C70B950004BF726 /* PasswordViewController.swift in Sources */,
				BF61D06D2C7B7F69001448B0 /* WriteViewController.swift in Sources */,
				BF7222DF2C708DEC004BF726 /* SignTextField.swift in Sources */,
				BF19C9212C6C808400A59041 /* APIKey.swift in Sources */,
				BF7222C32C6F23D0004BF726 /* SignUpViewModel.swift in Sources */,
				BFCC3DF62C808D290060C729 /* MyTableViewCell.swift in Sources */,
				BF9241212CCBB90300D3A699 /* Constant.swift in Sources */,
				BFCC3DF82C80C8D60060C729 /* MySellViewController.swift in Sources */,
				BF7222C02C6F2371004BF726 /* LoginViewController.swift in Sources */,
				BF7222D22C6F8D78004BF726 /* ProfileViewController.swift in Sources */,
				BF7222AA2C6F225B004BF726 /* Header.swift in Sources */,
				BF19C8EC2C6C7CC800A59041 /* SceneDelegate.swift in Sources */,
				BF7222E72C70C310004BF726 /* NickViewController.swift in Sources */,
				BF76A14A2C8172D800FC6974 /* MySellViewModel.swift in Sources */,
				BF7222E92C70C316004BF726 /* NickViewModel.swift in Sources */,
			);
			runOnlyForDeploymentPostprocessing = 0;
		};
		BF19C8F82C6C7CCA00A59041 /* Sources */ = {
			isa = PBXSourcesBuildPhase;
			buildActionMask = 2147483647;
			files = (
			);
			runOnlyForDeploymentPostprocessing = 0;
		};
		BF19C9022C6C7CCA00A59041 /* Sources */ = {
			isa = PBXSourcesBuildPhase;
			buildActionMask = 2147483647;
			files = (
			);
			runOnlyForDeploymentPostprocessing = 0;
		};
/* End PBXSourcesBuildPhase section */

/* Begin PBXTargetDependency section */
		BF19C8FE2C6C7CCA00A59041 /* PBXTargetDependency */ = {
			isa = PBXTargetDependency;
			target = BF19C8E52C6C7CC800A59041 /* Dbokey */;
			targetProxy = BF19C8FD2C6C7CCA00A59041 /* PBXContainerItemProxy */;
		};
		BF19C9082C6C7CCA00A59041 /* PBXTargetDependency */ = {
			isa = PBXTargetDependency;
			target = BF19C8E52C6C7CC800A59041 /* Dbokey */;
			targetProxy = BF19C9072C6C7CCA00A59041 /* PBXContainerItemProxy */;
		};
/* End PBXTargetDependency section */

/* Begin PBXVariantGroup section */
		BF19C8F42C6C7CCA00A59041 /* LaunchScreen.storyboard */ = {
			isa = PBXVariantGroup;
			children = (
				BF19C8F52C6C7CCA00A59041 /* Base */,
			);
			name = LaunchScreen.storyboard;
			sourceTree = "<group>";
		};
/* End PBXVariantGroup section */

/* Begin XCBuildConfiguration section */
		BF19C90E2C6C7CCA00A59041 /* Debug */ = {
			isa = XCBuildConfiguration;
			buildSettings = {
				ALWAYS_SEARCH_USER_PATHS = NO;
				ASSETCATALOG_COMPILER_GENERATE_SWIFT_ASSET_SYMBOL_EXTENSIONS = YES;
				CLANG_ANALYZER_NONNULL = YES;
				CLANG_ANALYZER_NUMBER_OBJECT_CONVERSION = YES_AGGRESSIVE;
				CLANG_CXX_LANGUAGE_STANDARD = "gnu++20";
				CLANG_ENABLE_MODULES = YES;
				CLANG_ENABLE_OBJC_ARC = YES;
				CLANG_ENABLE_OBJC_WEAK = YES;
				CLANG_WARN_BLOCK_CAPTURE_AUTORELEASING = YES;
				CLANG_WARN_BOOL_CONVERSION = YES;
				CLANG_WARN_COMMA = YES;
				CLANG_WARN_CONSTANT_CONVERSION = YES;
				CLANG_WARN_DEPRECATED_OBJC_IMPLEMENTATIONS = YES;
				CLANG_WARN_DIRECT_OBJC_ISA_USAGE = YES_ERROR;
				CLANG_WARN_DOCUMENTATION_COMMENTS = YES;
				CLANG_WARN_EMPTY_BODY = YES;
				CLANG_WARN_ENUM_CONVERSION = YES;
				CLANG_WARN_INFINITE_RECURSION = YES;
				CLANG_WARN_INT_CONVERSION = YES;
				CLANG_WARN_NON_LITERAL_NULL_CONVERSION = YES;
				CLANG_WARN_OBJC_IMPLICIT_RETAIN_SELF = YES;
				CLANG_WARN_OBJC_LITERAL_CONVERSION = YES;
				CLANG_WARN_OBJC_ROOT_CLASS = YES_ERROR;
				CLANG_WARN_QUOTED_INCLUDE_IN_FRAMEWORK_HEADER = YES;
				CLANG_WARN_RANGE_LOOP_ANALYSIS = YES;
				CLANG_WARN_STRICT_PROTOTYPES = YES;
				CLANG_WARN_SUSPICIOUS_MOVE = YES;
				CLANG_WARN_UNGUARDED_AVAILABILITY = YES_AGGRESSIVE;
				CLANG_WARN_UNREACHABLE_CODE = YES;
				CLANG_WARN__DUPLICATE_METHOD_MATCH = YES;
				COPY_PHASE_STRIP = NO;
				DEBUG_INFORMATION_FORMAT = dwarf;
				ENABLE_STRICT_OBJC_MSGSEND = YES;
				ENABLE_TESTABILITY = YES;
				ENABLE_USER_SCRIPT_SANDBOXING = YES;
				GCC_C_LANGUAGE_STANDARD = gnu17;
				GCC_DYNAMIC_NO_PIC = NO;
				GCC_NO_COMMON_BLOCKS = YES;
				GCC_OPTIMIZATION_LEVEL = 0;
				GCC_PREPROCESSOR_DEFINITIONS = (
					"DEBUG=1",
					"$(inherited)",
				);
				GCC_WARN_64_TO_32_BIT_CONVERSION = YES;
				GCC_WARN_ABOUT_RETURN_TYPE = YES_ERROR;
				GCC_WARN_UNDECLARED_SELECTOR = YES;
				GCC_WARN_UNINITIALIZED_AUTOS = YES_AGGRESSIVE;
				GCC_WARN_UNUSED_FUNCTION = YES;
				GCC_WARN_UNUSED_VARIABLE = YES;
				IPHONEOS_DEPLOYMENT_TARGET = 15.0;
				LOCALIZATION_PREFERS_STRING_CATALOGS = YES;
				MTL_ENABLE_DEBUG_INFO = INCLUDE_SOURCE;
				MTL_FAST_MATH = YES;
				ONLY_ACTIVE_ARCH = YES;
				SDKROOT = iphoneos;
				SWIFT_ACTIVE_COMPILATION_CONDITIONS = "DEBUG $(inherited)";
				SWIFT_OPTIMIZATION_LEVEL = "-Onone";
			};
			name = Debug;
		};
		BF19C90F2C6C7CCA00A59041 /* Release */ = {
			isa = XCBuildConfiguration;
			buildSettings = {
				ALWAYS_SEARCH_USER_PATHS = NO;
				ASSETCATALOG_COMPILER_GENERATE_SWIFT_ASSET_SYMBOL_EXTENSIONS = YES;
				CLANG_ANALYZER_NONNULL = YES;
				CLANG_ANALYZER_NUMBER_OBJECT_CONVERSION = YES_AGGRESSIVE;
				CLANG_CXX_LANGUAGE_STANDARD = "gnu++20";
				CLANG_ENABLE_MODULES = YES;
				CLANG_ENABLE_OBJC_ARC = YES;
				CLANG_ENABLE_OBJC_WEAK = YES;
				CLANG_WARN_BLOCK_CAPTURE_AUTORELEASING = YES;
				CLANG_WARN_BOOL_CONVERSION = YES;
				CLANG_WARN_COMMA = YES;
				CLANG_WARN_CONSTANT_CONVERSION = YES;
				CLANG_WARN_DEPRECATED_OBJC_IMPLEMENTATIONS = YES;
				CLANG_WARN_DIRECT_OBJC_ISA_USAGE = YES_ERROR;
				CLANG_WARN_DOCUMENTATION_COMMENTS = YES;
				CLANG_WARN_EMPTY_BODY = YES;
				CLANG_WARN_ENUM_CONVERSION = YES;
				CLANG_WARN_INFINITE_RECURSION = YES;
				CLANG_WARN_INT_CONVERSION = YES;
				CLANG_WARN_NON_LITERAL_NULL_CONVERSION = YES;
				CLANG_WARN_OBJC_IMPLICIT_RETAIN_SELF = YES;
				CLANG_WARN_OBJC_LITERAL_CONVERSION = YES;
				CLANG_WARN_OBJC_ROOT_CLASS = YES_ERROR;
				CLANG_WARN_QUOTED_INCLUDE_IN_FRAMEWORK_HEADER = YES;
				CLANG_WARN_RANGE_LOOP_ANALYSIS = YES;
				CLANG_WARN_STRICT_PROTOTYPES = YES;
				CLANG_WARN_SUSPICIOUS_MOVE = YES;
				CLANG_WARN_UNGUARDED_AVAILABILITY = YES_AGGRESSIVE;
				CLANG_WARN_UNREACHABLE_CODE = YES;
				CLANG_WARN__DUPLICATE_METHOD_MATCH = YES;
				COPY_PHASE_STRIP = NO;
				DEBUG_INFORMATION_FORMAT = "dwarf-with-dsym";
				ENABLE_NS_ASSERTIONS = NO;
				ENABLE_STRICT_OBJC_MSGSEND = YES;
				ENABLE_USER_SCRIPT_SANDBOXING = YES;
				GCC_C_LANGUAGE_STANDARD = gnu17;
				GCC_NO_COMMON_BLOCKS = YES;
				GCC_WARN_64_TO_32_BIT_CONVERSION = YES;
				GCC_WARN_ABOUT_RETURN_TYPE = YES_ERROR;
				GCC_WARN_UNDECLARED_SELECTOR = YES;
				GCC_WARN_UNINITIALIZED_AUTOS = YES_AGGRESSIVE;
				GCC_WARN_UNUSED_FUNCTION = YES;
				GCC_WARN_UNUSED_VARIABLE = YES;
				IPHONEOS_DEPLOYMENT_TARGET = 15.0;
				LOCALIZATION_PREFERS_STRING_CATALOGS = YES;
				MTL_ENABLE_DEBUG_INFO = NO;
				MTL_FAST_MATH = YES;
				SDKROOT = iphoneos;
				SWIFT_COMPILATION_MODE = wholemodule;
				VALIDATE_PRODUCT = YES;
			};
			name = Release;
		};
		BF19C9112C6C7CCA00A59041 /* Debug */ = {
			isa = XCBuildConfiguration;
			buildSettings = {
				ASSETCATALOG_COMPILER_APPICON_NAME = AppIcon;
				ASSETCATALOG_COMPILER_GLOBAL_ACCENT_COLOR_NAME = AccentColor;
				CODE_SIGN_STYLE = Automatic;
				CURRENT_PROJECT_VERSION = 1;
				DEVELOPMENT_TEAM = N727744RT8;
				GENERATE_INFOPLIST_FILE = YES;
				INFOPLIST_FILE = Dbokey/Info.plist;
				INFOPLIST_KEY_UIApplicationSupportsIndirectInputEvents = YES;
				INFOPLIST_KEY_UILaunchStoryboardName = LaunchScreen;
				INFOPLIST_KEY_UISupportedInterfaceOrientations_iPad = "UIInterfaceOrientationPortrait UIInterfaceOrientationPortraitUpsideDown UIInterfaceOrientationLandscapeLeft UIInterfaceOrientationLandscapeRight";
				INFOPLIST_KEY_UISupportedInterfaceOrientations_iPhone = "UIInterfaceOrientationPortrait UIInterfaceOrientationLandscapeLeft UIInterfaceOrientationLandscapeRight";
				INFOPLIST_KEY_UIUserInterfaceStyle = Light;
				LD_RUNPATH_SEARCH_PATHS = (
					"$(inherited)",
					"@executable_path/Frameworks",
				);
				MARKETING_VERSION = 1.0;
				PRODUCT_BUNDLE_IDENTIFIER = com.jimmy.Dbokey;
				PRODUCT_NAME = "$(TARGET_NAME)";
				SWIFT_EMIT_LOC_STRINGS = YES;
				SWIFT_VERSION = 5.0;
				TARGETED_DEVICE_FAMILY = "1,2";
			};
			name = Debug;
		};
		BF19C9122C6C7CCA00A59041 /* Release */ = {
			isa = XCBuildConfiguration;
			buildSettings = {
				ASSETCATALOG_COMPILER_APPICON_NAME = AppIcon;
				ASSETCATALOG_COMPILER_GLOBAL_ACCENT_COLOR_NAME = AccentColor;
				CODE_SIGN_STYLE = Automatic;
				CURRENT_PROJECT_VERSION = 1;
				DEVELOPMENT_TEAM = N727744RT8;
				GENERATE_INFOPLIST_FILE = YES;
				INFOPLIST_FILE = Dbokey/Info.plist;
				INFOPLIST_KEY_UIApplicationSupportsIndirectInputEvents = YES;
				INFOPLIST_KEY_UILaunchStoryboardName = LaunchScreen;
				INFOPLIST_KEY_UISupportedInterfaceOrientations_iPad = "UIInterfaceOrientationPortrait UIInterfaceOrientationPortraitUpsideDown UIInterfaceOrientationLandscapeLeft UIInterfaceOrientationLandscapeRight";
				INFOPLIST_KEY_UISupportedInterfaceOrientations_iPhone = "UIInterfaceOrientationPortrait UIInterfaceOrientationLandscapeLeft UIInterfaceOrientationLandscapeRight";
				INFOPLIST_KEY_UIUserInterfaceStyle = Light;
				LD_RUNPATH_SEARCH_PATHS = (
					"$(inherited)",
					"@executable_path/Frameworks",
				);
				MARKETING_VERSION = 1.0;
				PRODUCT_BUNDLE_IDENTIFIER = com.jimmy.Dbokey;
				PRODUCT_NAME = "$(TARGET_NAME)";
				SWIFT_EMIT_LOC_STRINGS = YES;
				SWIFT_VERSION = 5.0;
				TARGETED_DEVICE_FAMILY = "1,2";
			};
			name = Release;
		};
		BF19C9142C6C7CCA00A59041 /* Debug */ = {
			isa = XCBuildConfiguration;
			buildSettings = {
				ALWAYS_EMBED_SWIFT_STANDARD_LIBRARIES = YES;
				BUNDLE_LOADER = "$(TEST_HOST)";
				CODE_SIGN_STYLE = Automatic;
				CURRENT_PROJECT_VERSION = 1;
				DEVELOPMENT_TEAM = N727744RT8;
				GENERATE_INFOPLIST_FILE = YES;
				IPHONEOS_DEPLOYMENT_TARGET = 17.4;
				MARKETING_VERSION = 1.0;
				PRODUCT_BUNDLE_IDENTIFIER = com.jimmy.DbokeyTests;
				PRODUCT_NAME = "$(TARGET_NAME)";
				SWIFT_EMIT_LOC_STRINGS = NO;
				SWIFT_VERSION = 5.0;
				TARGETED_DEVICE_FAMILY = "1,2";
				TEST_HOST = "$(BUILT_PRODUCTS_DIR)/Dbokey.app/$(BUNDLE_EXECUTABLE_FOLDER_PATH)/Dbokey";
			};
			name = Debug;
		};
		BF19C9152C6C7CCA00A59041 /* Release */ = {
			isa = XCBuildConfiguration;
			buildSettings = {
				ALWAYS_EMBED_SWIFT_STANDARD_LIBRARIES = YES;
				BUNDLE_LOADER = "$(TEST_HOST)";
				CODE_SIGN_STYLE = Automatic;
				CURRENT_PROJECT_VERSION = 1;
				DEVELOPMENT_TEAM = N727744RT8;
				GENERATE_INFOPLIST_FILE = YES;
				IPHONEOS_DEPLOYMENT_TARGET = 17.4;
				MARKETING_VERSION = 1.0;
				PRODUCT_BUNDLE_IDENTIFIER = com.jimmy.DbokeyTests;
				PRODUCT_NAME = "$(TARGET_NAME)";
				SWIFT_EMIT_LOC_STRINGS = NO;
				SWIFT_VERSION = 5.0;
				TARGETED_DEVICE_FAMILY = "1,2";
				TEST_HOST = "$(BUILT_PRODUCTS_DIR)/Dbokey.app/$(BUNDLE_EXECUTABLE_FOLDER_PATH)/Dbokey";
			};
			name = Release;
		};
		BF19C9172C6C7CCA00A59041 /* Debug */ = {
			isa = XCBuildConfiguration;
			buildSettings = {
				ALWAYS_EMBED_SWIFT_STANDARD_LIBRARIES = YES;
				CODE_SIGN_STYLE = Automatic;
				CURRENT_PROJECT_VERSION = 1;
				DEVELOPMENT_TEAM = N727744RT8;
				GENERATE_INFOPLIST_FILE = YES;
				MARKETING_VERSION = 1.0;
				PRODUCT_BUNDLE_IDENTIFIER = com.jimmy.DbokeyUITests;
				PRODUCT_NAME = "$(TARGET_NAME)";
				SWIFT_EMIT_LOC_STRINGS = NO;
				SWIFT_VERSION = 5.0;
				TARGETED_DEVICE_FAMILY = "1,2";
				TEST_TARGET_NAME = Dbokey;
			};
			name = Debug;
		};
		BF19C9182C6C7CCA00A59041 /* Release */ = {
			isa = XCBuildConfiguration;
			buildSettings = {
				ALWAYS_EMBED_SWIFT_STANDARD_LIBRARIES = YES;
				CODE_SIGN_STYLE = Automatic;
				CURRENT_PROJECT_VERSION = 1;
				DEVELOPMENT_TEAM = N727744RT8;
				GENERATE_INFOPLIST_FILE = YES;
				MARKETING_VERSION = 1.0;
				PRODUCT_BUNDLE_IDENTIFIER = com.jimmy.DbokeyUITests;
				PRODUCT_NAME = "$(TARGET_NAME)";
				SWIFT_EMIT_LOC_STRINGS = NO;
				SWIFT_VERSION = 5.0;
				TARGETED_DEVICE_FAMILY = "1,2";
				TEST_TARGET_NAME = Dbokey;
			};
			name = Release;
		};
/* End XCBuildConfiguration section */

/* Begin XCConfigurationList section */
		BF19C8E12C6C7CC800A59041 /* Build configuration list for PBXProject "Dbokey" */ = {
			isa = XCConfigurationList;
			buildConfigurations = (
				BF19C90E2C6C7CCA00A59041 /* Debug */,
				BF19C90F2C6C7CCA00A59041 /* Release */,
			);
			defaultConfigurationIsVisible = 0;
			defaultConfigurationName = Release;
		};
		BF19C9102C6C7CCA00A59041 /* Build configuration list for PBXNativeTarget "Dbokey" */ = {
			isa = XCConfigurationList;
			buildConfigurations = (
				BF19C9112C6C7CCA00A59041 /* Debug */,
				BF19C9122C6C7CCA00A59041 /* Release */,
			);
			defaultConfigurationIsVisible = 0;
			defaultConfigurationName = Release;
		};
		BF19C9132C6C7CCA00A59041 /* Build configuration list for PBXNativeTarget "DbokeyTests" */ = {
			isa = XCConfigurationList;
			buildConfigurations = (
				BF19C9142C6C7CCA00A59041 /* Debug */,
				BF19C9152C6C7CCA00A59041 /* Release */,
			);
			defaultConfigurationIsVisible = 0;
			defaultConfigurationName = Release;
		};
		BF19C9162C6C7CCA00A59041 /* Build configuration list for PBXNativeTarget "DbokeyUITests" */ = {
			isa = XCConfigurationList;
			buildConfigurations = (
				BF19C9172C6C7CCA00A59041 /* Debug */,
				BF19C9182C6C7CCA00A59041 /* Release */,
			);
			defaultConfigurationIsVisible = 0;
			defaultConfigurationName = Release;
		};
/* End XCConfigurationList section */

/* Begin XCRemoteSwiftPackageReference section */
		BF61D06F2C7B9D45001448B0 /* XCRemoteSwiftPackageReference "IQKeyboardManager" */ = {
			isa = XCRemoteSwiftPackageReference;
			repositoryURL = "https://github.com/hackiftekhar/IQKeyboardManager.git";
			requirement = {
				kind = upToNextMajorVersion;
				minimumVersion = 7.1.1;
			};
		};
		BF7222C62C6F261E004BF726 /* XCRemoteSwiftPackageReference "Alamofire" */ = {
			isa = XCRemoteSwiftPackageReference;
			repositoryURL = "https://github.com/Alamofire/Alamofire.git";
			requirement = {
				kind = upToNextMajorVersion;
				minimumVersion = 5.9.1;
			};
		};
		BF7222C92C6F263E004BF726 /* XCRemoteSwiftPackageReference "SnapKit" */ = {
			isa = XCRemoteSwiftPackageReference;
			repositoryURL = "https://github.com/SnapKit/SnapKit.git";
			requirement = {
				kind = upToNextMajorVersion;
				minimumVersion = 5.7.1;
			};
		};
		BF7222D62C708D0D004BF726 /* XCRemoteSwiftPackageReference "RxSwift" */ = {
			isa = XCRemoteSwiftPackageReference;
			repositoryURL = "https://github.com/ReactiveX/RxSwift.git";
			requirement = {
				kind = upToNextMajorVersion;
				minimumVersion = 6.7.1;
			};
		};
		BF7223042C748790004BF726 /* XCRemoteSwiftPackageReference "Kingfisher" */ = {
			isa = XCRemoteSwiftPackageReference;
			repositoryURL = "https://github.com/onevcat/Kingfisher.git";
			requirement = {
				kind = upToNextMajorVersion;
				minimumVersion = 7.12.0;
			};
		};
		BF76A1552C84980900FC6974 /* XCRemoteSwiftPackageReference "iamport-ios" */ = {
			isa = XCRemoteSwiftPackageReference;
			repositoryURL = "https://github.com/iamport/iamport-ios";
			requirement = {
				kind = upToNextMajorVersion;
				minimumVersion = 1.4.2;
			};
		};
/* End XCRemoteSwiftPackageReference section */

/* Begin XCSwiftPackageProductDependency section */
		BF61D0702C7B9D45001448B0 /* IQKeyboardManagerSwift */ = {
			isa = XCSwiftPackageProductDependency;
			package = BF61D06F2C7B9D45001448B0 /* XCRemoteSwiftPackageReference "IQKeyboardManager" */;
			productName = IQKeyboardManagerSwift;
		};
		BF7222C72C6F261E004BF726 /* Alamofire */ = {
			isa = XCSwiftPackageProductDependency;
			package = BF7222C62C6F261E004BF726 /* XCRemoteSwiftPackageReference "Alamofire" */;
			productName = Alamofire;
		};
		BF7222CA2C6F263E004BF726 /* SnapKit */ = {
			isa = XCSwiftPackageProductDependency;
			package = BF7222C92C6F263E004BF726 /* XCRemoteSwiftPackageReference "SnapKit" */;
			productName = SnapKit;
		};
		BF7222D72C708D0D004BF726 /* RxCocoa */ = {
			isa = XCSwiftPackageProductDependency;
			package = BF7222D62C708D0D004BF726 /* XCRemoteSwiftPackageReference "RxSwift" */;
			productName = RxCocoa;
		};
		BF7222D92C708D0D004BF726 /* RxSwift */ = {
			isa = XCSwiftPackageProductDependency;
			package = BF7222D62C708D0D004BF726 /* XCRemoteSwiftPackageReference "RxSwift" */;
			productName = RxSwift;
		};
		BF7223052C748791004BF726 /* Kingfisher */ = {
			isa = XCSwiftPackageProductDependency;
			package = BF7223042C748790004BF726 /* XCRemoteSwiftPackageReference "Kingfisher" */;
			productName = Kingfisher;
		};
		BF76A1562C84980900FC6974 /* iamport-ios */ = {
			isa = XCSwiftPackageProductDependency;
			package = BF76A1552C84980900FC6974 /* XCRemoteSwiftPackageReference "iamport-ios" */;
			productName = "iamport-ios";
		};
/* End XCSwiftPackageProductDependency section */
	};
	rootObject = BF19C8DE2C6C7CC800A59041 /* Project object */;
}
